# generated by rye
# use `rye lock` or `rye sync` to update this lockfile
#
# last locked with the following flags:
#   pre: false
#   features: []
#   all-features: false
#   with-sources: false

-e file:.
decorator==5.1.1
    # via retry
psycopg2==2.9.9
    # via pgdump2bq
py==1.11.0
    # via retry
retry==0.9.2
    # via pgdump2bq
